{
  "object": {
    "pins": [
      {
        "package": "Runner",
        "repositoryURL": "https://github.com/elegantchaos/Runner",
        "state": {
          "branch": null,
          "revision": "1a257b260150b7a7a9771f636a6a373682ad54e5",
          "version": "1.0.1"
        }
      }
    ]
  },
  "version": 1
}
