{
  "object": {
    "pins": [
      {
        "package": "Arguments",
        "repositoryURL": "https://github.com/elegantchaos/Arguments",
        "state": {
          "branch": null,
          "revision": "29a240fb5c5bcd0eb56feb527dfb3cab7076290c",
          "version": "1.0.4"
        }
      },
      {
        "package": "Docopt",
        "repositoryURL": "https://github.com/elegantchaos/docopt.swift",
        "state": {
          "branch": null,
          "revision": "66f9a7d64e6542427a1e4eed3d8ad5ace262cf11",
          "version": "0.6.8"
        }
      },
      {
        "package": "Logger",
        "repositoryURL": "https://github.com/elegantchaos/Logger",
        "state": {
          "branch": null,
          "revision": "2cc9e50d5725ebe9beed158f9b603cfffbaf67c3",
          "version": "1.0.11"
        }
      },
      {
        "package": "Runner",
        "repositoryURL": "https://github.com/elegantchaos/Runner",
        "state": {
          "branch": null,
          "revision": "a2d1f82dbb519a96d4332230f1425fbaeaf4fe1f",
          "version": "1.0.0"
        }
      }
    ]
  },
  "version": 1
}
