// !$*UTF8*$!
{
   archiveVersion = "1";
   objectVersion = "46";
   objects = {
      "Arguments::Arguments" = {
         isa = "PBXNativeTarget";
         buildConfigurationList = "OBJ_74";
         buildPhases = (
            "OBJ_77",
            "OBJ_79"
         );
         dependencies = (
            "OBJ_82",
            "OBJ_84"
         );
         name = "Arguments";
         productName = "Arguments";
         productReference = "Arguments::Arguments::Product";
         productType = "com.apple.product-type.framework";
      };
      "Arguments::Arguments::Product" = {
         isa = "PBXFileReference";
         path = "Arguments.framework";
         sourceTree = "BUILT_PRODUCTS_DIR";
      };
      "Arguments::SwiftPMPackageDescription" = {
         isa = "PBXNativeTarget";
         buildConfigurationList = "OBJ_87";
         buildPhases = (
            "OBJ_90"
         );
         dependencies = (
         );
         name = "ArgumentsPackageDescription";
         productName = "ArgumentsPackageDescription";
         productType = "com.apple.product-type.framework";
      };
      "CommandShell::CommandShell" = {
         isa = "PBXNativeTarget";
         buildConfigurationList = "OBJ_93";
         buildPhases = (
            "OBJ_96",
            "OBJ_101"
         );
         dependencies = (
            "OBJ_105",
            "OBJ_106",
            "OBJ_107"
         );
         name = "CommandShell";
         productName = "CommandShell";
         productReference = "CommandShell::CommandShell::Product";
         productType = "com.apple.product-type.framework";
      };
      "CommandShell::CommandShell::Product" = {
         isa = "PBXFileReference";
         path = "CommandShell.framework";
         sourceTree = "BUILT_PRODUCTS_DIR";
      };
      "CommandShell::SwiftPMPackageDescription" = {
         isa = "PBXNativeTarget";
         buildConfigurationList = "OBJ_109";
         buildPhases = (
            "OBJ_112"
         );
         dependencies = (
         );
         name = "CommandShellPackageDescription";
         productName = "CommandShellPackageDescription";
         productType = "com.apple.product-type.framework";
      };
      "Docopt::Docopt" = {
         isa = "PBXNativeTarget";
         buildConfigurationList = "OBJ_114";
         buildPhases = (
            "OBJ_117",
            "OBJ_133"
         );
         dependencies = (
         );
         name = "Docopt";
         productName = "Docopt";
         productReference = "Docopt::Docopt::Product";
         productType = "com.apple.product-type.framework";
      };
      "Docopt::Docopt::Product" = {
         isa = "PBXFileReference";
         path = "Docopt.framework";
         sourceTree = "BUILT_PRODUCTS_DIR";
      };
      "Docopt::SwiftPMPackageDescription" = {
         isa = "PBXNativeTarget";
         buildConfigurationList = "OBJ_135";
         buildPhases = (
            "OBJ_138"
         );
         dependencies = (
         );
         name = "DocoptPackageDescription";
         productName = "DocoptPackageDescription";
         productType = "com.apple.product-type.framework";
      };
      "Logger::Logger" = {
         isa = "PBXNativeTarget";
         buildConfigurationList = "OBJ_140";
         buildPhases = (
            "OBJ_143",
            "OBJ_151"
         );
         dependencies = (
         );
         name = "Logger";
         productName = "Logger";
         productReference = "Logger::Logger::Product";
         productType = "com.apple.product-type.framework";
      };
      "Logger::Logger::Product" = {
         isa = "PBXFileReference";
         path = "Logger.framework";
         sourceTree = "BUILT_PRODUCTS_DIR";
      };
      "Logger::SwiftPMPackageDescription" = {
         isa = "PBXNativeTarget";
         buildConfigurationList = "OBJ_153";
         buildPhases = (
            "OBJ_156"
         );
         dependencies = (
         );
         name = "LoggerPackageDescription";
         productName = "LoggerPackageDescription";
         productType = "com.apple.product-type.framework";
      };
      "OBJ_1" = {
         isa = "PBXProject";
         attributes = {
            LastSwiftMigration = "9999";
            LastUpgradeCheck = "9999";
         };
         buildConfigurationList = "OBJ_2";
         compatibilityVersion = "Xcode 3.2";
         developmentRegion = "English";
         hasScannedForEncodings = "0";
         knownRegions = (
            "en"
         );
         mainGroup = "OBJ_5";
         productRefGroup = "OBJ_62";
         projectDirPath = ".";
         targets = (
            "Arguments::Arguments",
            "Arguments::SwiftPMPackageDescription",
            "CommandShell::CommandShell",
            "CommandShell::SwiftPMPackageDescription",
            "Docopt::Docopt",
            "Docopt::SwiftPMPackageDescription",
            "Logger::Logger",
            "Logger::SwiftPMPackageDescription",
            "Runner::Runner",
            "Runner::SwiftPMPackageDescription",
            "SketchX::SketchX",
            "SketchX::SwiftPMPackageDescription",
            "SketchX::SketchXPackageTests::ProductTarget",
            "SketchX::SketchXTests",
            "SketchX::sketchx::ProductTarget"
         );
      };
      "OBJ_10" = {
         isa = "PBXFileReference";
         path = "main.swift";
         sourceTree = "<group>";
      };
      "OBJ_100" = {
         isa = "PBXBuildFile";
         fileRef = "OBJ_21";
      };
      "OBJ_101" = {
         isa = "PBXFrameworksBuildPhase";
         files = (
            "OBJ_102",
            "OBJ_103",
            "OBJ_104"
         );
      };
      "OBJ_102" = {
         isa = "PBXBuildFile";
         fileRef = "Arguments::Arguments::Product";
      };
      "OBJ_103" = {
         isa = "PBXBuildFile";
         fileRef = "Logger::Logger::Product";
      };
      "OBJ_104" = {
         isa = "PBXBuildFile";
         fileRef = "Docopt::Docopt::Product";
      };
      "OBJ_105" = {
         isa = "PBXTargetDependency";
         target = "Arguments::Arguments";
      };
      "OBJ_106" = {
         isa = "PBXTargetDependency";
         target = "Logger::Logger";
      };
      "OBJ_107" = {
         isa = "PBXTargetDependency";
         target = "Docopt::Docopt";
      };
      "OBJ_109" = {
         isa = "XCConfigurationList";
         buildConfigurations = (
            "OBJ_110",
            "OBJ_111"
         );
         defaultConfigurationIsVisible = "0";
         defaultConfigurationName = "Release";
      };
      "OBJ_11" = {
         isa = "PBXGroup";
         children = (
            "OBJ_12"
         );
         name = "Tests";
         path = "";
         sourceTree = "SOURCE_ROOT";
      };
      "OBJ_110" = {
         isa = "XCBuildConfiguration";
         buildSettings = {
            LD = "/usr/bin/true";
            OTHER_SWIFT_FLAGS = (
               "-swift-version",
               "4.2",
               "-I",
               "$(TOOLCHAIN_DIR)/usr/lib/swift/pm/4_2",
               "-target",
               "x86_64-apple-macosx10.10",
               "-sdk",
               "/Applications/Xcode10.2.app/Contents/Developer/Platforms/MacOSX.platform/Developer/SDKs/MacOSX10.14.sdk"
            );
            SWIFT_VERSION = "4.2";
         };
         name = "Debug";
      };
      "OBJ_111" = {
         isa = "XCBuildConfiguration";
         buildSettings = {
            LD = "/usr/bin/true";
            OTHER_SWIFT_FLAGS = (
               "-swift-version",
               "4.2",
               "-I",
               "$(TOOLCHAIN_DIR)/usr/lib/swift/pm/4_2",
               "-target",
               "x86_64-apple-macosx10.10",
               "-sdk",
               "/Applications/Xcode10.2.app/Contents/Developer/Platforms/MacOSX.platform/Developer/SDKs/MacOSX10.14.sdk"
            );
            SWIFT_VERSION = "4.2";
         };
         name = "Release";
      };
      "OBJ_112" = {
         isa = "PBXSourcesBuildPhase";
         files = (
            "OBJ_113"
         );
      };
      "OBJ_113" = {
         isa = "PBXBuildFile";
         fileRef = "OBJ_22";
      };
      "OBJ_114" = {
         isa = "XCConfigurationList";
         buildConfigurations = (
            "OBJ_115",
            "OBJ_116"
         );
         defaultConfigurationIsVisible = "0";
         defaultConfigurationName = "Release";
      };
      "OBJ_115" = {
         isa = "XCBuildConfiguration";
         buildSettings = {
            ENABLE_TESTABILITY = "YES";
            FRAMEWORK_SEARCH_PATHS = (
               "$(inherited)",
               "$(PLATFORM_DIR)/Developer/Library/Frameworks"
            );
            HEADER_SEARCH_PATHS = (
               "$(inherited)"
            );
            INFOPLIST_FILE = "SketchX.xcodeproj/Docopt_Info.plist";
            LD_RUNPATH_SEARCH_PATHS = (
               "$(inherited)",
               "$(TOOLCHAIN_DIR)/usr/lib/swift/macosx"
            );
            OTHER_CFLAGS = (
               "$(inherited)"
            );
            OTHER_LDFLAGS = (
               "$(inherited)"
            );
            OTHER_SWIFT_FLAGS = (
               "$(inherited)"
            );
            PRODUCT_BUNDLE_IDENTIFIER = "Docopt";
            PRODUCT_MODULE_NAME = "$(TARGET_NAME:c99extidentifier)";
            PRODUCT_NAME = "$(TARGET_NAME:c99extidentifier)";
            SKIP_INSTALL = "YES";
            SWIFT_ACTIVE_COMPILATION_CONDITIONS = (
               "$(inherited)"
            );
            SWIFT_VERSION = "4.0";
            TARGET_NAME = "Docopt";
         };
         name = "Debug";
      };
      "OBJ_116" = {
         isa = "XCBuildConfiguration";
         buildSettings = {
            ENABLE_TESTABILITY = "YES";
            FRAMEWORK_SEARCH_PATHS = (
               "$(inherited)",
               "$(PLATFORM_DIR)/Developer/Library/Frameworks"
            );
            HEADER_SEARCH_PATHS = (
               "$(inherited)"
            );
            INFOPLIST_FILE = "SketchX.xcodeproj/Docopt_Info.plist";
            LD_RUNPATH_SEARCH_PATHS = (
               "$(inherited)",
               "$(TOOLCHAIN_DIR)/usr/lib/swift/macosx"
            );
            OTHER_CFLAGS = (
               "$(inherited)"
            );
            OTHER_LDFLAGS = (
               "$(inherited)"
            );
            OTHER_SWIFT_FLAGS = (
               "$(inherited)"
            );
            PRODUCT_BUNDLE_IDENTIFIER = "Docopt";
            PRODUCT_MODULE_NAME = "$(TARGET_NAME:c99extidentifier)";
            PRODUCT_NAME = "$(TARGET_NAME:c99extidentifier)";
            SKIP_INSTALL = "YES";
            SWIFT_ACTIVE_COMPILATION_CONDITIONS = (
               "$(inherited)"
            );
            SWIFT_VERSION = "4.0";
            TARGET_NAME = "Docopt";
         };
         name = "Release";
      };
      "OBJ_117" = {
         isa = "PBXSourcesBuildPhase";
         files = (
            "OBJ_118",
            "OBJ_119",
            "OBJ_120",
            "OBJ_121",
            "OBJ_122",
            "OBJ_123",
            "OBJ_124",
            "OBJ_125",
            "OBJ_126",
            "OBJ_127",
            "OBJ_128",
            "OBJ_129",
            "OBJ_130",
            "OBJ_131",
            "OBJ_132"
         );
      };
      "OBJ_118" = {
         isa = "PBXBuildFile";
         fileRef = "OBJ_29";
      };
      "OBJ_119" = {
         isa = "PBXBuildFile";
         fileRef = "OBJ_30";
      };
      "OBJ_12" = {
         isa = "PBXGroup";
         children = (
            "OBJ_13",
            "OBJ_14"
         );
         name = "SketchXTests";
         path = "Tests/SketchXTests";
         sourceTree = "SOURCE_ROOT";
      };
      "OBJ_120" = {
         isa = "PBXBuildFile";
         fileRef = "OBJ_31";
      };
      "OBJ_121" = {
         isa = "PBXBuildFile";
         fileRef = "OBJ_32";
      };
      "OBJ_122" = {
         isa = "PBXBuildFile";
         fileRef = "OBJ_33";
      };
      "OBJ_123" = {
         isa = "PBXBuildFile";
         fileRef = "OBJ_34";
      };
      "OBJ_124" = {
         isa = "PBXBuildFile";
         fileRef = "OBJ_35";
      };
      "OBJ_125" = {
         isa = "PBXBuildFile";
         fileRef = "OBJ_36";
      };
      "OBJ_126" = {
         isa = "PBXBuildFile";
         fileRef = "OBJ_37";
      };
      "OBJ_127" = {
         isa = "PBXBuildFile";
         fileRef = "OBJ_38";
      };
      "OBJ_128" = {
         isa = "PBXBuildFile";
         fileRef = "OBJ_39";
      };
      "OBJ_129" = {
         isa = "PBXBuildFile";
         fileRef = "OBJ_40";
      };
      "OBJ_13" = {
         isa = "PBXFileReference";
         path = "SketchXTests.swift";
         sourceTree = "<group>";
      };
      "OBJ_130" = {
         isa = "PBXBuildFile";
         fileRef = "OBJ_41";
      };
      "OBJ_131" = {
         isa = "PBXBuildFile";
         fileRef = "OBJ_42";
      };
      "OBJ_132" = {
         isa = "PBXBuildFile";
         fileRef = "OBJ_43";
      };
      "OBJ_133" = {
         isa = "PBXFrameworksBuildPhase";
         files = (
         );
      };
      "OBJ_135" = {
         isa = "XCConfigurationList";
         buildConfigurations = (
            "OBJ_136",
            "OBJ_137"
         );
         defaultConfigurationIsVisible = "0";
         defaultConfigurationName = "Release";
      };
      "OBJ_136" = {
         isa = "XCBuildConfiguration";
         buildSettings = {
            LD = "/usr/bin/true";
            OTHER_SWIFT_FLAGS = (
               "-swift-version",
               "4",
               "-I",
               "$(TOOLCHAIN_DIR)/usr/lib/swift/pm/4",
               "-target",
               "x86_64-apple-macosx10.10",
               "-sdk",
               "/Applications/Xcode10.2.app/Contents/Developer/Platforms/MacOSX.platform/Developer/SDKs/MacOSX10.14.sdk"
            );
            SWIFT_VERSION = "4.0";
         };
         name = "Debug";
      };
      "OBJ_137" = {
         isa = "XCBuildConfiguration";
         buildSettings = {
            LD = "/usr/bin/true";
            OTHER_SWIFT_FLAGS = (
               "-swift-version",
               "4",
               "-I",
               "$(TOOLCHAIN_DIR)/usr/lib/swift/pm/4",
               "-target",
               "x86_64-apple-macosx10.10",
               "-sdk",
               "/Applications/Xcode10.2.app/Contents/Developer/Platforms/MacOSX.platform/Developer/SDKs/MacOSX10.14.sdk"
            );
            SWIFT_VERSION = "4.0";
         };
         name = "Release";
      };
      "OBJ_138" = {
         isa = "PBXSourcesBuildPhase";
         files = (
            "OBJ_139"
         );
      };
      "OBJ_139" = {
         isa = "PBXBuildFile";
         fileRef = "OBJ_44";
      };
      "OBJ_14" = {
         isa = "PBXFileReference";
         path = "XCTestManifests.swift";
         sourceTree = "<group>";
      };
      "OBJ_140" = {
         isa = "XCConfigurationList";
         buildConfigurations = (
            "OBJ_141",
            "OBJ_142"
         );
         defaultConfigurationIsVisible = "0";
         defaultConfigurationName = "Release";
      };
      "OBJ_141" = {
         isa = "XCBuildConfiguration";
         buildSettings = {
            ENABLE_TESTABILITY = "YES";
            FRAMEWORK_SEARCH_PATHS = (
               "$(inherited)",
               "$(PLATFORM_DIR)/Developer/Library/Frameworks"
            );
            HEADER_SEARCH_PATHS = (
               "$(inherited)"
            );
            INFOPLIST_FILE = "SketchX.xcodeproj/Logger_Info.plist";
            LD_RUNPATH_SEARCH_PATHS = (
               "$(inherited)",
               "$(TOOLCHAIN_DIR)/usr/lib/swift/macosx"
            );
            OTHER_CFLAGS = (
               "$(inherited)"
            );
            OTHER_LDFLAGS = (
               "$(inherited)"
            );
            OTHER_SWIFT_FLAGS = (
               "$(inherited)"
            );
            PRODUCT_BUNDLE_IDENTIFIER = "Logger";
            PRODUCT_MODULE_NAME = "$(TARGET_NAME:c99extidentifier)";
            PRODUCT_NAME = "$(TARGET_NAME:c99extidentifier)";
            SKIP_INSTALL = "YES";
            SWIFT_ACTIVE_COMPILATION_CONDITIONS = (
               "$(inherited)"
            );
            SWIFT_VERSION = "4.2";
            TARGET_NAME = "Logger";
         };
         name = "Debug";
      };
      "OBJ_142" = {
         isa = "XCBuildConfiguration";
         buildSettings = {
            ENABLE_TESTABILITY = "YES";
            FRAMEWORK_SEARCH_PATHS = (
               "$(inherited)",
               "$(PLATFORM_DIR)/Developer/Library/Frameworks"
            );
            HEADER_SEARCH_PATHS = (
               "$(inherited)"
            );
            INFOPLIST_FILE = "SketchX.xcodeproj/Logger_Info.plist";
            LD_RUNPATH_SEARCH_PATHS = (
               "$(inherited)",
               "$(TOOLCHAIN_DIR)/usr/lib/swift/macosx"
            );
            OTHER_CFLAGS = (
               "$(inherited)"
            );
            OTHER_LDFLAGS = (
               "$(inherited)"
            );
            OTHER_SWIFT_FLAGS = (
               "$(inherited)"
            );
            PRODUCT_BUNDLE_IDENTIFIER = "Logger";
            PRODUCT_MODULE_NAME = "$(TARGET_NAME:c99extidentifier)";
            PRODUCT_NAME = "$(TARGET_NAME:c99extidentifier)";
            SKIP_INSTALL = "YES";
            SWIFT_ACTIVE_COMPILATION_CONDITIONS = (
               "$(inherited)"
            );
            SWIFT_VERSION = "4.2";
            TARGET_NAME = "Logger";
         };
         name = "Release";
      };
      "OBJ_143" = {
         isa = "PBXSourcesBuildPhase";
         files = (
            "OBJ_144",
            "OBJ_145",
            "OBJ_146",
            "OBJ_147",
            "OBJ_148",
            "OBJ_149",
            "OBJ_150"
         );
      };
      "OBJ_144" = {
         isa = "PBXBuildFile";
         fileRef = "OBJ_48";
      };
      "OBJ_145" = {
         isa = "PBXBuildFile";
         fileRef = "OBJ_49";
      };
      "OBJ_146" = {
         isa = "PBXBuildFile";
         fileRef = "OBJ_50";
      };
      "OBJ_147" = {
         isa = "PBXBuildFile";
         fileRef = "OBJ_51";
      };
      "OBJ_148" = {
         isa = "PBXBuildFile";
         fileRef = "OBJ_52";
      };
      "OBJ_149" = {
         isa = "PBXBuildFile";
         fileRef = "OBJ_53";
      };
      "OBJ_15" = {
         isa = "PBXGroup";
         children = (
            "OBJ_16",
            "OBJ_23",
            "OBJ_27",
            "OBJ_45",
            "OBJ_58"
         );
         name = "Dependencies";
         path = "";
         sourceTree = "<group>";
      };
      "OBJ_150" = {
         isa = "PBXBuildFile";
         fileRef = "OBJ_54";
      };
      "OBJ_151" = {
         isa = "PBXFrameworksBuildPhase";
         files = (
         );
      };
      "OBJ_153" = {
         isa = "XCConfigurationList";
         buildConfigurations = (
            "OBJ_154",
            "OBJ_155"
         );
         defaultConfigurationIsVisible = "0";
         defaultConfigurationName = "Release";
      };
      "OBJ_154" = {
         isa = "XCBuildConfiguration";
         buildSettings = {
            LD = "/usr/bin/true";
            OTHER_SWIFT_FLAGS = (
               "-swift-version",
               "4.2",
               "-I",
               "$(TOOLCHAIN_DIR)/usr/lib/swift/pm/4_2",
               "-target",
               "x86_64-apple-macosx10.10",
               "-sdk",
               "/Applications/Xcode10.2.app/Contents/Developer/Platforms/MacOSX.platform/Developer/SDKs/MacOSX10.14.sdk"
            );
            SWIFT_VERSION = "4.2";
         };
         name = "Debug";
      };
      "OBJ_155" = {
         isa = "XCBuildConfiguration";
         buildSettings = {
            LD = "/usr/bin/true";
            OTHER_SWIFT_FLAGS = (
               "-swift-version",
               "4.2",
               "-I",
               "$(TOOLCHAIN_DIR)/usr/lib/swift/pm/4_2",
               "-target",
               "x86_64-apple-macosx10.10",
               "-sdk",
               "/Applications/Xcode10.2.app/Contents/Developer/Platforms/MacOSX.platform/Developer/SDKs/MacOSX10.14.sdk"
            );
            SWIFT_VERSION = "4.2";
         };
         name = "Release";
      };
      "OBJ_156" = {
         isa = "PBXSourcesBuildPhase";
         files = (
            "OBJ_157"
         );
      };
      "OBJ_157" = {
         isa = "PBXBuildFile";
         fileRef = "OBJ_57";
      };
      "OBJ_159" = {
         isa = "XCConfigurationList";
         buildConfigurations = (
            "OBJ_160",
            "OBJ_161"
         );
         defaultConfigurationIsVisible = "0";
         defaultConfigurationName = "Release";
      };
      "OBJ_16" = {
         isa = "PBXGroup";
         children = (
            "OBJ_17",
            "OBJ_22"
         );
         name = "CommandShell 1.0.2";
         path = "";
         sourceTree = "SOURCE_ROOT";
      };
      "OBJ_160" = {
         isa = "XCBuildConfiguration";
         buildSettings = {
            ENABLE_TESTABILITY = "YES";
            FRAMEWORK_SEARCH_PATHS = (
               "$(inherited)",
               "$(PLATFORM_DIR)/Developer/Library/Frameworks"
            );
            HEADER_SEARCH_PATHS = (
               "$(inherited)"
            );
            INFOPLIST_FILE = "SketchX.xcodeproj/Runner_Info.plist";
            LD_RUNPATH_SEARCH_PATHS = (
               "$(inherited)",
               "$(TOOLCHAIN_DIR)/usr/lib/swift/macosx"
            );
            OTHER_CFLAGS = (
               "$(inherited)"
            );
            OTHER_LDFLAGS = (
               "$(inherited)"
            );
            OTHER_SWIFT_FLAGS = (
               "$(inherited)"
            );
            PRODUCT_BUNDLE_IDENTIFIER = "Runner";
            PRODUCT_MODULE_NAME = "$(TARGET_NAME:c99extidentifier)";
            PRODUCT_NAME = "$(TARGET_NAME:c99extidentifier)";
            SKIP_INSTALL = "YES";
            SWIFT_ACTIVE_COMPILATION_CONDITIONS = (
               "$(inherited)"
            );
            SWIFT_VERSION = "4.2";
            TARGET_NAME = "Runner";
         };
         name = "Debug";
      };
      "OBJ_161" = {
         isa = "XCBuildConfiguration";
         buildSettings = {
            ENABLE_TESTABILITY = "YES";
            FRAMEWORK_SEARCH_PATHS = (
               "$(inherited)",
               "$(PLATFORM_DIR)/Developer/Library/Frameworks"
            );
            HEADER_SEARCH_PATHS = (
               "$(inherited)"
            );
            INFOPLIST_FILE = "SketchX.xcodeproj/Runner_Info.plist";
            LD_RUNPATH_SEARCH_PATHS = (
               "$(inherited)",
               "$(TOOLCHAIN_DIR)/usr/lib/swift/macosx"
            );
            OTHER_CFLAGS = (
               "$(inherited)"
            );
            OTHER_LDFLAGS = (
               "$(inherited)"
            );
            OTHER_SWIFT_FLAGS = (
               "$(inherited)"
            );
            PRODUCT_BUNDLE_IDENTIFIER = "Runner";
            PRODUCT_MODULE_NAME = "$(TARGET_NAME:c99extidentifier)";
            PRODUCT_NAME = "$(TARGET_NAME:c99extidentifier)";
            SKIP_INSTALL = "YES";
            SWIFT_ACTIVE_COMPILATION_CONDITIONS = (
               "$(inherited)"
            );
            SWIFT_VERSION = "4.2";
            TARGET_NAME = "Runner";
         };
         name = "Release";
      };
      "OBJ_162" = {
         isa = "PBXSourcesBuildPhase";
         files = (
            "OBJ_163"
         );
      };
      "OBJ_163" = {
         isa = "PBXBuildFile";
         fileRef = "OBJ_60";
      };
      "OBJ_164" = {
         isa = "PBXFrameworksBuildPhase";
         files = (
         );
      };
      "OBJ_166" = {
         isa = "XCConfigurationList";
         buildConfigurations = (
            "OBJ_167",
            "OBJ_168"
         );
         defaultConfigurationIsVisible = "0";
         defaultConfigurationName = "Release";
      };
      "OBJ_167" = {
         isa = "XCBuildConfiguration";
         buildSettings = {
            LD = "/usr/bin/true";
            OTHER_SWIFT_FLAGS = (
               "-swift-version",
               "4.2",
               "-I",
               "$(TOOLCHAIN_DIR)/usr/lib/swift/pm/4_2",
               "-target",
               "x86_64-apple-macosx10.10",
               "-sdk",
               "/Applications/Xcode10.2.app/Contents/Developer/Platforms/MacOSX.platform/Developer/SDKs/MacOSX10.14.sdk"
            );
            SWIFT_VERSION = "4.2";
         };
         name = "Debug";
      };
      "OBJ_168" = {
         isa = "XCBuildConfiguration";
         buildSettings = {
            LD = "/usr/bin/true";
            OTHER_SWIFT_FLAGS = (
               "-swift-version",
               "4.2",
               "-I",
               "$(TOOLCHAIN_DIR)/usr/lib/swift/pm/4_2",
               "-target",
               "x86_64-apple-macosx10.10",
               "-sdk",
               "/Applications/Xcode10.2.app/Contents/Developer/Platforms/MacOSX.platform/Developer/SDKs/MacOSX10.14.sdk"
            );
            SWIFT_VERSION = "4.2";
         };
         name = "Release";
      };
      "OBJ_169" = {
         isa = "PBXSourcesBuildPhase";
         files = (
            "OBJ_170"
         );
      };
      "OBJ_17" = {
         isa = "PBXGroup";
         children = (
            "OBJ_18",
            "OBJ_19",
            "OBJ_20",
            "OBJ_21"
         );
         name = "CommandShell";
         path = ".build/checkouts/CommandShell/Sources/CommandShell";
         sourceTree = "SOURCE_ROOT";
      };
      "OBJ_170" = {
         isa = "PBXBuildFile";
         fileRef = "OBJ_61";
      };
      "OBJ_172" = {
         isa = "XCConfigurationList";
         buildConfigurations = (
            "OBJ_173",
            "OBJ_174"
         );
         defaultConfigurationIsVisible = "0";
         defaultConfigurationName = "Release";
      };
      "OBJ_173" = {
         isa = "XCBuildConfiguration";
         buildSettings = {
            FRAMEWORK_SEARCH_PATHS = (
               "$(inherited)",
               "$(PLATFORM_DIR)/Developer/Library/Frameworks"
            );
            HEADER_SEARCH_PATHS = (
               "$(inherited)"
            );
            INFOPLIST_FILE = "SketchX.xcodeproj/SketchX_Info.plist";
            LD_RUNPATH_SEARCH_PATHS = (
               "$(inherited)",
               "$(TOOLCHAIN_DIR)/usr/lib/swift/macosx",
               "@executable_path"
            );
            OTHER_CFLAGS = (
               "$(inherited)"
            );
            OTHER_LDFLAGS = (
               "$(inherited)"
            );
            OTHER_SWIFT_FLAGS = (
               "$(inherited)"
            );
            SWIFT_ACTIVE_COMPILATION_CONDITIONS = (
               "$(inherited)"
            );
            SWIFT_FORCE_DYNAMIC_LINK_STDLIB = "YES";
            SWIFT_FORCE_STATIC_LINK_STDLIB = "NO";
            SWIFT_VERSION = "4.2";
            TARGET_NAME = "SketchX";
         };
         name = "Debug";
      };
      "OBJ_174" = {
         isa = "XCBuildConfiguration";
         buildSettings = {
            FRAMEWORK_SEARCH_PATHS = (
               "$(inherited)",
               "$(PLATFORM_DIR)/Developer/Library/Frameworks"
            );
            HEADER_SEARCH_PATHS = (
               "$(inherited)"
            );
            INFOPLIST_FILE = "SketchX.xcodeproj/SketchX_Info.plist";
            LD_RUNPATH_SEARCH_PATHS = (
               "$(inherited)",
               "$(TOOLCHAIN_DIR)/usr/lib/swift/macosx",
               "@executable_path"
            );
            OTHER_CFLAGS = (
               "$(inherited)"
            );
            OTHER_LDFLAGS = (
               "$(inherited)"
            );
            OTHER_SWIFT_FLAGS = (
               "$(inherited)"
            );
            SWIFT_ACTIVE_COMPILATION_CONDITIONS = (
               "$(inherited)"
            );
            SWIFT_FORCE_DYNAMIC_LINK_STDLIB = "YES";
            SWIFT_FORCE_STATIC_LINK_STDLIB = "NO";
            SWIFT_VERSION = "4.2";
            TARGET_NAME = "SketchX";
         };
         name = "Release";
      };
      "OBJ_175" = {
         isa = "PBXSourcesBuildPhase";
         files = (
            "OBJ_176",
            "OBJ_177"
         );
      };
      "OBJ_176" = {
         isa = "PBXBuildFile";
         fileRef = "OBJ_9";
      };
      "OBJ_177" = {
         isa = "PBXBuildFile";
         fileRef = "OBJ_10";
      };
      "OBJ_178" = {
         isa = "PBXFrameworksBuildPhase";
         files = (
            "OBJ_179",
            "OBJ_180",
            "OBJ_181",
            "OBJ_182",
            "OBJ_183"
         );
      };
      "OBJ_179" = {
         isa = "PBXBuildFile";
         fileRef = "CommandShell::CommandShell::Product";
      };
      "OBJ_18" = {
         isa = "PBXFileReference";
         path = "Command.swift";
         sourceTree = "<group>";
      };
      "OBJ_180" = {
         isa = "PBXBuildFile";
         fileRef = "Arguments::Arguments::Product";
      };
      "OBJ_181" = {
         isa = "PBXBuildFile";
         fileRef = "Logger::Logger::Product";
      };
      "OBJ_182" = {
         isa = "PBXBuildFile";
         fileRef = "Docopt::Docopt::Product";
      };
      "OBJ_183" = {
         isa = "PBXBuildFile";
         fileRef = "Runner::Runner::Product";
      };
      "OBJ_184" = {
         isa = "PBXTargetDependency";
         target = "CommandShell::CommandShell";
      };
      "OBJ_185" = {
         isa = "PBXTargetDependency";
         target = "Arguments::Arguments";
      };
      "OBJ_186" = {
         isa = "PBXTargetDependency";
         target = "Logger::Logger";
      };
      "OBJ_187" = {
         isa = "PBXTargetDependency";
         target = "Docopt::Docopt";
      };
      "OBJ_188" = {
         isa = "PBXTargetDependency";
         target = "Runner::Runner";
      };
      "OBJ_19" = {
         isa = "PBXFileReference";
         path = "CommandLine+CommandShell.swift";
         sourceTree = "<group>";
      };
      "OBJ_190" = {
         isa = "XCConfigurationList";
         buildConfigurations = (
            "OBJ_191",
            "OBJ_192"
         );
         defaultConfigurationIsVisible = "0";
         defaultConfigurationName = "Release";
      };
      "OBJ_191" = {
         isa = "XCBuildConfiguration";
         buildSettings = {
            LD = "/usr/bin/true";
            OTHER_SWIFT_FLAGS = (
               "-swift-version",
               "4.2",
               "-I",
               "$(TOOLCHAIN_DIR)/usr/lib/swift/pm/4_2",
               "-target",
               "x86_64-apple-macosx10.10",
               "-sdk",
               "/Applications/Xcode10.2.app/Contents/Developer/Platforms/MacOSX.platform/Developer/SDKs/MacOSX10.14.sdk"
            );
            SWIFT_VERSION = "4.2";
         };
         name = "Debug";
      };
      "OBJ_192" = {
         isa = "XCBuildConfiguration";
         buildSettings = {
            LD = "/usr/bin/true";
            OTHER_SWIFT_FLAGS = (
               "-swift-version",
               "4.2",
               "-I",
               "$(TOOLCHAIN_DIR)/usr/lib/swift/pm/4_2",
               "-target",
               "x86_64-apple-macosx10.10",
               "-sdk",
               "/Applications/Xcode10.2.app/Contents/Developer/Platforms/MacOSX.platform/Developer/SDKs/MacOSX10.14.sdk"
            );
            SWIFT_VERSION = "4.2";
         };
         name = "Release";
      };
      "OBJ_193" = {
         isa = "PBXSourcesBuildPhase";
         files = (
            "OBJ_194"
         );
      };
      "OBJ_194" = {
         isa = "PBXBuildFile";
         fileRef = "OBJ_6";
      };
      "OBJ_196" = {
         isa = "XCConfigurationList";
         buildConfigurations = (
            "OBJ_197",
            "OBJ_198"
         );
         defaultConfigurationIsVisible = "0";
         defaultConfigurationName = "Release";
      };
      "OBJ_197" = {
         isa = "XCBuildConfiguration";
         buildSettings = {
         };
         name = "Debug";
      };
      "OBJ_198" = {
         isa = "XCBuildConfiguration";
         buildSettings = {
         };
         name = "Release";
      };
      "OBJ_199" = {
         isa = "PBXTargetDependency";
         target = "SketchX::SketchXTests";
      };
      "OBJ_2" = {
         isa = "XCConfigurationList";
         buildConfigurations = (
            "OBJ_3",
            "OBJ_4"
         );
         defaultConfigurationIsVisible = "0";
         defaultConfigurationName = "Release";
      };
      "OBJ_20" = {
         isa = "PBXFileReference";
         path = "CommandShell.swift";
         sourceTree = "<group>";
      };
      "OBJ_201" = {
         isa = "XCConfigurationList";
         buildConfigurations = (
            "OBJ_202",
            "OBJ_203"
         );
         defaultConfigurationIsVisible = "0";
         defaultConfigurationName = "Release";
      };
      "OBJ_202" = {
         isa = "XCBuildConfiguration";
         buildSettings = {
            CLANG_ENABLE_MODULES = "YES";
            EMBEDDED_CONTENT_CONTAINS_SWIFT = "YES";
            FRAMEWORK_SEARCH_PATHS = (
               "$(inherited)",
               "$(PLATFORM_DIR)/Developer/Library/Frameworks"
            );
            HEADER_SEARCH_PATHS = (
               "$(inherited)"
            );
            INFOPLIST_FILE = "SketchX.xcodeproj/SketchXTests_Info.plist";
            LD_RUNPATH_SEARCH_PATHS = (
               "$(inherited)",
               "@loader_path/../Frameworks",
               "@loader_path/Frameworks"
            );
            OTHER_CFLAGS = (
               "$(inherited)"
            );
            OTHER_LDFLAGS = (
               "$(inherited)"
            );
            OTHER_SWIFT_FLAGS = (
               "$(inherited)"
            );
            SWIFT_ACTIVE_COMPILATION_CONDITIONS = (
               "$(inherited)"
            );
            SWIFT_VERSION = "4.2";
            TARGET_NAME = "SketchXTests";
         };
         name = "Debug";
      };
      "OBJ_203" = {
         isa = "XCBuildConfiguration";
         buildSettings = {
            CLANG_ENABLE_MODULES = "YES";
            EMBEDDED_CONTENT_CONTAINS_SWIFT = "YES";
            FRAMEWORK_SEARCH_PATHS = (
               "$(inherited)",
               "$(PLATFORM_DIR)/Developer/Library/Frameworks"
            );
            HEADER_SEARCH_PATHS = (
               "$(inherited)"
            );
            INFOPLIST_FILE = "SketchX.xcodeproj/SketchXTests_Info.plist";
            LD_RUNPATH_SEARCH_PATHS = (
               "$(inherited)",
               "@loader_path/../Frameworks",
               "@loader_path/Frameworks"
            );
            OTHER_CFLAGS = (
               "$(inherited)"
            );
            OTHER_LDFLAGS = (
               "$(inherited)"
            );
            OTHER_SWIFT_FLAGS = (
               "$(inherited)"
            );
            SWIFT_ACTIVE_COMPILATION_CONDITIONS = (
               "$(inherited)"
            );
            SWIFT_VERSION = "4.2";
            TARGET_NAME = "SketchXTests";
         };
         name = "Release";
      };
      "OBJ_204" = {
         isa = "PBXSourcesBuildPhase";
         files = (
            "OBJ_205",
            "OBJ_206"
         );
      };
      "OBJ_205" = {
         isa = "PBXBuildFile";
         fileRef = "OBJ_13";
      };
      "OBJ_206" = {
         isa = "PBXBuildFile";
         fileRef = "OBJ_14";
      };
      "OBJ_207" = {
         isa = "PBXFrameworksBuildPhase";
         files = (
            "OBJ_208",
            "OBJ_209",
            "OBJ_210",
            "OBJ_211",
            "OBJ_212"
         );
      };
      "OBJ_208" = {
         isa = "PBXBuildFile";
         fileRef = "CommandShell::CommandShell::Product";
      };
      "OBJ_209" = {
         isa = "PBXBuildFile";
         fileRef = "Arguments::Arguments::Product";
      };
      "OBJ_21" = {
         isa = "PBXFileReference";
         path = "Result.swift";
         sourceTree = "<group>";
      };
      "OBJ_210" = {
         isa = "PBXBuildFile";
         fileRef = "Logger::Logger::Product";
      };
      "OBJ_211" = {
         isa = "PBXBuildFile";
         fileRef = "Docopt::Docopt::Product";
      };
      "OBJ_212" = {
         isa = "PBXBuildFile";
         fileRef = "Runner::Runner::Product";
      };
      "OBJ_213" = {
         isa = "PBXTargetDependency";
         target = "SketchX::SketchX";
      };
      "OBJ_214" = {
         isa = "PBXTargetDependency";
         target = "CommandShell::CommandShell";
      };
      "OBJ_215" = {
         isa = "PBXTargetDependency";
         target = "Arguments::Arguments";
      };
      "OBJ_216" = {
         isa = "PBXTargetDependency";
         target = "Logger::Logger";
      };
      "OBJ_217" = {
         isa = "PBXTargetDependency";
         target = "Docopt::Docopt";
      };
      "OBJ_218" = {
         isa = "PBXTargetDependency";
         target = "Runner::Runner";
      };
      "OBJ_22" = {
         isa = "PBXFileReference";
         explicitFileType = "sourcecode.swift";
         name = "Package.swift";
         path = "/Users/sam/Projects/Bookish/Packages/SketchX/.build/checkouts/CommandShell/Package.swift";
         sourceTree = "<group>";
      };
      "OBJ_220" = {
         isa = "XCConfigurationList";
         buildConfigurations = (
            "OBJ_221",
            "OBJ_222"
         );
         defaultConfigurationIsVisible = "0";
         defaultConfigurationName = "Release";
      };
      "OBJ_221" = {
         isa = "XCBuildConfiguration";
         buildSettings = {
         };
         name = "Debug";
      };
      "OBJ_222" = {
         isa = "XCBuildConfiguration";
         buildSettings = {
         };
         name = "Release";
      };
      "OBJ_223" = {
         isa = "PBXTargetDependency";
         target = "SketchX::SketchX";
      };
      "OBJ_23" = {
         isa = "PBXGroup";
         children = (
            "OBJ_24",
            "OBJ_26"
         );
         name = "Arguments 1.0.7";
         path = "";
         sourceTree = "SOURCE_ROOT";
      };
      "OBJ_24" = {
         isa = "PBXGroup";
         children = (
            "OBJ_25"
         );
         name = "Arguments";
         path = ".build/checkouts/Arguments/Sources/Arguments";
         sourceTree = "SOURCE_ROOT";
      };
      "OBJ_25" = {
         isa = "PBXFileReference";
         path = "Arguments.swift";
         sourceTree = "<group>";
      };
      "OBJ_26" = {
         isa = "PBXFileReference";
         explicitFileType = "sourcecode.swift";
         name = "Package.swift";
         path = "/Users/sam/Projects/Bookish/Packages/SketchX/.build/checkouts/Arguments/Package.swift";
         sourceTree = "<group>";
      };
      "OBJ_27" = {
         isa = "PBXGroup";
         children = (
            "OBJ_28",
            "OBJ_44"
         );
         name = "Docopt 0.6.10";
         path = "";
         sourceTree = "SOURCE_ROOT";
      };
      "OBJ_28" = {
         isa = "PBXGroup";
         children = (
            "OBJ_29",
            "OBJ_30",
            "OBJ_31",
            "OBJ_32",
            "OBJ_33",
            "OBJ_34",
            "OBJ_35",
            "OBJ_36",
            "OBJ_37",
            "OBJ_38",
            "OBJ_39",
            "OBJ_40",
            "OBJ_41",
            "OBJ_42",
            "OBJ_43"
         );
         name = "Docopt";
         path = ".build/checkouts/docopt.swift/Sources/Docopt";
         sourceTree = "SOURCE_ROOT";
      };
      "OBJ_29" = {
         isa = "PBXFileReference";
         path = "Argument.swift";
         sourceTree = "<group>";
      };
      "OBJ_3" = {
         isa = "XCBuildConfiguration";
         buildSettings = {
            CLANG_ENABLE_OBJC_ARC = "YES";
            COMBINE_HIDPI_IMAGES = "YES";
            COPY_PHASE_STRIP = "NO";
            DEBUG_INFORMATION_FORMAT = "dwarf";
            DYLIB_INSTALL_NAME_BASE = "@rpath";
            ENABLE_NS_ASSERTIONS = "YES";
            GCC_OPTIMIZATION_LEVEL = "0";
            GCC_PREPROCESSOR_DEFINITIONS = (
               "$(inherited)",
               "SWIFT_PACKAGE=1",
               "DEBUG=1"
            );
            MACOSX_DEPLOYMENT_TARGET = "10.10";
            ONLY_ACTIVE_ARCH = "YES";
            OTHER_SWIFT_FLAGS = (
               "-DXcode"
            );
            PRODUCT_NAME = "$(TARGET_NAME)";
            SDKROOT = "macosx";
            SUPPORTED_PLATFORMS = (
               "macosx",
               "iphoneos",
               "iphonesimulator",
               "appletvos",
               "appletvsimulator",
               "watchos",
               "watchsimulator"
            );
            SWIFT_ACTIVE_COMPILATION_CONDITIONS = (
               "$(inherited)",
               "SWIFT_PACKAGE",
               "DEBUG"
            );
            SWIFT_OPTIMIZATION_LEVEL = "-Onone";
            USE_HEADERMAP = "NO";
         };
         name = "Debug";
      };
      "OBJ_30" = {
         isa = "PBXFileReference";
         path = "BranchPattern.swift";
         sourceTree = "<group>";
      };
      "OBJ_31" = {
         isa = "PBXFileReference";
         path = "Command.swift";
         sourceTree = "<group>";
      };
      "OBJ_32" = {
         isa = "PBXFileReference";
         path = "Docopt.swift";
         sourceTree = "<group>";
      };
      "OBJ_33" = {
         isa = "PBXFileReference";
         path = "DocoptError.swift";
         sourceTree = "<group>";
      };
      "OBJ_34" = {
         isa = "PBXFileReference";
         path = "Either.swift";
         sourceTree = "<group>";
      };
      "OBJ_35" = {
         isa = "PBXFileReference";
         path = "LeafPattern.swift";
         sourceTree = "<group>";
      };
      "OBJ_36" = {
         isa = "PBXFileReference";
         path = "OneOrMore.swift";
         sourceTree = "<group>";
      };
      "OBJ_37" = {
         isa = "PBXFileReference";
         path = "Option.swift";
         sourceTree = "<group>";
      };
      "OBJ_38" = {
         isa = "PBXFileReference";
         path = "Optional.swift";
         sourceTree = "<group>";
      };
      "OBJ_39" = {
         isa = "PBXFileReference";
         path = "OptionsShortcut.swift";
         sourceTree = "<group>";
      };
      "OBJ_4" = {
         isa = "XCBuildConfiguration";
         buildSettings = {
            CLANG_ENABLE_OBJC_ARC = "YES";
            COMBINE_HIDPI_IMAGES = "YES";
            COPY_PHASE_STRIP = "YES";
            DEBUG_INFORMATION_FORMAT = "dwarf-with-dsym";
            DYLIB_INSTALL_NAME_BASE = "@rpath";
            GCC_OPTIMIZATION_LEVEL = "s";
            GCC_PREPROCESSOR_DEFINITIONS = (
               "$(inherited)",
               "SWIFT_PACKAGE=1"
            );
            MACOSX_DEPLOYMENT_TARGET = "10.10";
            OTHER_SWIFT_FLAGS = (
               "-DXcode"
            );
            PRODUCT_NAME = "$(TARGET_NAME)";
            SDKROOT = "macosx";
            SUPPORTED_PLATFORMS = (
               "macosx",
               "iphoneos",
               "iphonesimulator",
               "appletvos",
               "appletvsimulator",
               "watchos",
               "watchsimulator"
            );
            SWIFT_ACTIVE_COMPILATION_CONDITIONS = (
               "$(inherited)",
               "SWIFT_PACKAGE"
            );
            SWIFT_OPTIMIZATION_LEVEL = "-Owholemodule";
            USE_HEADERMAP = "NO";
         };
         name = "Release";
      };
      "OBJ_40" = {
         isa = "PBXFileReference";
         path = "Pattern.swift";
         sourceTree = "<group>";
      };
      "OBJ_41" = {
         isa = "PBXFileReference";
         path = "Required.swift";
         sourceTree = "<group>";
      };
      "OBJ_42" = {
         isa = "PBXFileReference";
         path = "String.swift";
         sourceTree = "<group>";
      };
      "OBJ_43" = {
         isa = "PBXFileReference";
         path = "Tokens.swift";
         sourceTree = "<group>";
      };
      "OBJ_44" = {
         isa = "PBXFileReference";
         explicitFileType = "sourcecode.swift";
         name = "Package.swift";
         path = "/Users/sam/Projects/Bookish/Packages/SketchX/.build/checkouts/docopt.swift/Package.swift";
         sourceTree = "<group>";
      };
      "OBJ_45" = {
         isa = "PBXGroup";
         children = (
            "OBJ_46",
            "OBJ_47",
            "OBJ_55",
            "OBJ_56",
            "OBJ_57"
         );
         name = "Logger 1.3.4";
         path = "";
         sourceTree = "SOURCE_ROOT";
      };
      "OBJ_46" = {
         isa = "PBXGroup";
         children = (
         );
         name = "Example";
         path = ".build/checkouts/Logger/Sources/Example";
         sourceTree = "SOURCE_ROOT";
      };
      "OBJ_47" = {
         isa = "PBXGroup";
         children = (
            "OBJ_48",
            "OBJ_49",
            "OBJ_50",
            "OBJ_51",
            "OBJ_52",
            "OBJ_53",
            "OBJ_54"
         );
         name = "Logger";
         path = ".build/checkouts/Logger/Sources/Logger";
         sourceTree = "SOURCE_ROOT";
      };
      "OBJ_48" = {
         isa = "PBXFileReference";
         path = "Channel.swift";
         sourceTree = "<group>";
      };
      "OBJ_49" = {
         isa = "PBXFileReference";
         path = "Context.swift";
         sourceTree = "<group>";
      };
      "OBJ_5" = {
         isa = "PBXGroup";
         children = (
            "OBJ_6",
            "OBJ_7",
            "OBJ_11",
            "OBJ_15",
            "OBJ_62",
            "OBJ_70",
            "OBJ_71",
            "OBJ_72"
         );
         path = "";
         sourceTree = "<group>";
      };
      "OBJ_50" = {
         isa = "PBXFileReference";
         path = "Handler.swift";
         sourceTree = "<group>";
      };
      "OBJ_51" = {
         isa = "PBXFileReference";
         path = "Manager.swift";
         sourceTree = "<group>";
      };
      "OBJ_52" = {
         isa = "PBXFileReference";
         path = "NSLogHandler.swift";
         sourceTree = "<group>";
      };
      "OBJ_53" = {
         isa = "PBXFileReference";
         path = "OSLogHandler.swift";
         sourceTree = "<group>";
      };
      "OBJ_54" = {
         isa = "PBXFileReference";
         path = "PrintHandler.swift";
         sourceTree = "<group>";
      };
      "OBJ_55" = {
         isa = "PBXGroup";
         children = (
         );
         name = "LoggerKit";
         path = ".build/checkouts/Logger/Sources/LoggerKit";
         sourceTree = "SOURCE_ROOT";
      };
      "OBJ_56" = {
         isa = "PBXGroup";
         children = (
         );
         name = "LoggerTestSupport";
         path = ".build/checkouts/Logger/Sources/LoggerTestSupport";
         sourceTree = "SOURCE_ROOT";
      };
      "OBJ_57" = {
         isa = "PBXFileReference";
         explicitFileType = "sourcecode.swift";
         name = "Package.swift";
         path = "/Users/sam/Projects/Bookish/Packages/SketchX/.build/checkouts/Logger/Package.swift";
         sourceTree = "<group>";
      };
      "OBJ_58" = {
         isa = "PBXGroup";
         children = (
            "OBJ_59",
            "OBJ_61"
         );
         name = "Runner 1.0.1";
         path = "";
         sourceTree = "SOURCE_ROOT";
      };
      "OBJ_59" = {
         isa = "PBXGroup";
         children = (
            "OBJ_60"
         );
         name = "Runner";
         path = ".build/checkouts/Runner-7835251855803272158/Sources/Runner";
         sourceTree = "SOURCE_ROOT";
      };
      "OBJ_6" = {
         isa = "PBXFileReference";
         explicitFileType = "sourcecode.swift";
         path = "Package.swift";
         sourceTree = "<group>";
      };
      "OBJ_60" = {
         isa = "PBXFileReference";
         path = "Runner.swift";
         sourceTree = "<group>";
      };
      "OBJ_61" = {
         isa = "PBXFileReference";
         explicitFileType = "sourcecode.swift";
         name = "Package.swift";
         path = "/Users/sam/Projects/Bookish/Packages/SketchX/.build/checkouts/Runner-7835251855803272158/Package.swift";
         sourceTree = "<group>";
      };
      "OBJ_62" = {
         isa = "PBXGroup";
         children = (
            "Docopt::Docopt::Product",
            "SketchX::SketchXTests::Product",
            "SketchX::SketchX::Product",
            "Arguments::Arguments::Product",
            "CommandShell::CommandShell::Product",
            "Logger::Logger::Product",
            "Runner::Runner::Product"
         );
         name = "Products";
         path = "";
         sourceTree = "BUILT_PRODUCTS_DIR";
      };
      "OBJ_7" = {
         isa = "PBXGroup";
         children = (
            "OBJ_8"
         );
         name = "Sources";
         path = "";
         sourceTree = "SOURCE_ROOT";
      };
      "OBJ_70" = {
         isa = "PBXFileReference";
         path = "Example";
         sourceTree = "SOURCE_ROOT";
      };
      "OBJ_71" = {
         isa = "PBXFileReference";
         path = "SketchX.xcworkspace";
         sourceTree = "SOURCE_ROOT";
      };
      "OBJ_72" = {
         isa = "PBXFileReference";
         path = "README.md";
         sourceTree = "<group>";
      };
      "OBJ_74" = {
         isa = "XCConfigurationList";
         buildConfigurations = (
            "OBJ_75",
            "OBJ_76"
         );
         defaultConfigurationIsVisible = "0";
         defaultConfigurationName = "Release";
      };
      "OBJ_75" = {
         isa = "XCBuildConfiguration";
         buildSettings = {
            ENABLE_TESTABILITY = "YES";
            FRAMEWORK_SEARCH_PATHS = (
               "$(inherited)",
               "$(PLATFORM_DIR)/Developer/Library/Frameworks"
            );
            HEADER_SEARCH_PATHS = (
               "$(inherited)"
            );
            INFOPLIST_FILE = "SketchX.xcodeproj/Arguments_Info.plist";
            LD_RUNPATH_SEARCH_PATHS = (
               "$(inherited)",
               "$(TOOLCHAIN_DIR)/usr/lib/swift/macosx"
            );
            OTHER_CFLAGS = (
               "$(inherited)"
            );
            OTHER_LDFLAGS = (
               "$(inherited)"
            );
            OTHER_SWIFT_FLAGS = (
               "$(inherited)"
            );
            PRODUCT_BUNDLE_IDENTIFIER = "Arguments";
            PRODUCT_MODULE_NAME = "$(TARGET_NAME:c99extidentifier)";
            PRODUCT_NAME = "$(TARGET_NAME:c99extidentifier)";
            SKIP_INSTALL = "YES";
            SWIFT_ACTIVE_COMPILATION_CONDITIONS = (
               "$(inherited)"
            );
            SWIFT_VERSION = "4.2";
            TARGET_NAME = "Arguments";
         };
         name = "Debug";
      };
      "OBJ_76" = {
         isa = "XCBuildConfiguration";
         buildSettings = {
            ENABLE_TESTABILITY = "YES";
            FRAMEWORK_SEARCH_PATHS = (
               "$(inherited)",
               "$(PLATFORM_DIR)/Developer/Library/Frameworks"
            );
            HEADER_SEARCH_PATHS = (
               "$(inherited)"
            );
            INFOPLIST_FILE = "SketchX.xcodeproj/Arguments_Info.plist";
            LD_RUNPATH_SEARCH_PATHS = (
               "$(inherited)",
               "$(TOOLCHAIN_DIR)/usr/lib/swift/macosx"
            );
            OTHER_CFLAGS = (
               "$(inherited)"
            );
            OTHER_LDFLAGS = (
               "$(inherited)"
            );
            OTHER_SWIFT_FLAGS = (
               "$(inherited)"
            );
            PRODUCT_BUNDLE_IDENTIFIER = "Arguments";
            PRODUCT_MODULE_NAME = "$(TARGET_NAME:c99extidentifier)";
            PRODUCT_NAME = "$(TARGET_NAME:c99extidentifier)";
            SKIP_INSTALL = "YES";
            SWIFT_ACTIVE_COMPILATION_CONDITIONS = (
               "$(inherited)"
            );
            SWIFT_VERSION = "4.2";
            TARGET_NAME = "Arguments";
         };
         name = "Release";
      };
      "OBJ_77" = {
         isa = "PBXSourcesBuildPhase";
         files = (
            "OBJ_78"
         );
      };
      "OBJ_78" = {
         isa = "PBXBuildFile";
         fileRef = "OBJ_25";
      };
      "OBJ_79" = {
         isa = "PBXFrameworksBuildPhase";
         files = (
            "OBJ_80",
            "OBJ_81"
         );
      };
      "OBJ_8" = {
         isa = "PBXGroup";
         children = (
            "OBJ_9",
            "OBJ_10"
         );
         name = "SketchX";
         path = "Sources/SketchX";
         sourceTree = "SOURCE_ROOT";
      };
      "OBJ_80" = {
         isa = "PBXBuildFile";
         fileRef = "Logger::Logger::Product";
      };
      "OBJ_81" = {
         isa = "PBXBuildFile";
         fileRef = "Docopt::Docopt::Product";
      };
      "OBJ_82" = {
         isa = "PBXTargetDependency";
         target = "Logger::Logger";
      };
      "OBJ_84" = {
         isa = "PBXTargetDependency";
         target = "Docopt::Docopt";
      };
      "OBJ_87" = {
         isa = "XCConfigurationList";
         buildConfigurations = (
            "OBJ_88",
            "OBJ_89"
         );
         defaultConfigurationIsVisible = "0";
         defaultConfigurationName = "Release";
      };
      "OBJ_88" = {
         isa = "XCBuildConfiguration";
         buildSettings = {
            LD = "/usr/bin/true";
            OTHER_SWIFT_FLAGS = (
               "-swift-version",
               "4.2",
               "-I",
               "$(TOOLCHAIN_DIR)/usr/lib/swift/pm/4_2",
               "-target",
               "x86_64-apple-macosx10.10",
               "-sdk",
               "/Applications/Xcode10.2.app/Contents/Developer/Platforms/MacOSX.platform/Developer/SDKs/MacOSX10.14.sdk"
            );
            SWIFT_VERSION = "4.2";
         };
         name = "Debug";
      };
      "OBJ_89" = {
         isa = "XCBuildConfiguration";
         buildSettings = {
            LD = "/usr/bin/true";
            OTHER_SWIFT_FLAGS = (
               "-swift-version",
               "4.2",
               "-I",
               "$(TOOLCHAIN_DIR)/usr/lib/swift/pm/4_2",
               "-target",
               "x86_64-apple-macosx10.10",
               "-sdk",
               "/Applications/Xcode10.2.app/Contents/Developer/Platforms/MacOSX.platform/Developer/SDKs/MacOSX10.14.sdk"
            );
            SWIFT_VERSION = "4.2";
         };
         name = "Release";
      };
      "OBJ_9" = {
         isa = "PBXFileReference";
         path = "ExportCommand.swift";
         sourceTree = "<group>";
      };
      "OBJ_90" = {
         isa = "PBXSourcesBuildPhase";
         files = (
            "OBJ_91"
         );
      };
      "OBJ_91" = {
         isa = "PBXBuildFile";
         fileRef = "OBJ_26";
      };
      "OBJ_93" = {
         isa = "XCConfigurationList";
         buildConfigurations = (
            "OBJ_94",
            "OBJ_95"
         );
         defaultConfigurationIsVisible = "0";
         defaultConfigurationName = "Release";
      };
      "OBJ_94" = {
         isa = "XCBuildConfiguration";
         buildSettings = {
            ENABLE_TESTABILITY = "YES";
            FRAMEWORK_SEARCH_PATHS = (
               "$(inherited)",
               "$(PLATFORM_DIR)/Developer/Library/Frameworks"
            );
            HEADER_SEARCH_PATHS = (
               "$(inherited)"
            );
            INFOPLIST_FILE = "SketchX.xcodeproj/CommandShell_Info.plist";
            LD_RUNPATH_SEARCH_PATHS = (
               "$(inherited)",
               "$(TOOLCHAIN_DIR)/usr/lib/swift/macosx"
            );
            OTHER_CFLAGS = (
               "$(inherited)"
            );
            OTHER_LDFLAGS = (
               "$(inherited)"
            );
            OTHER_SWIFT_FLAGS = (
               "$(inherited)"
            );
            PRODUCT_BUNDLE_IDENTIFIER = "CommandShell";
            PRODUCT_MODULE_NAME = "$(TARGET_NAME:c99extidentifier)";
            PRODUCT_NAME = "$(TARGET_NAME:c99extidentifier)";
            SKIP_INSTALL = "YES";
            SWIFT_ACTIVE_COMPILATION_CONDITIONS = (
               "$(inherited)"
            );
            SWIFT_VERSION = "4.2";
            TARGET_NAME = "CommandShell";
         };
         name = "Debug";
      };
      "OBJ_95" = {
         isa = "XCBuildConfiguration";
         buildSettings = {
            ENABLE_TESTABILITY = "YES";
            FRAMEWORK_SEARCH_PATHS = (
               "$(inherited)",
               "$(PLATFORM_DIR)/Developer/Library/Frameworks"
            );
            HEADER_SEARCH_PATHS = (
               "$(inherited)"
            );
            INFOPLIST_FILE = "SketchX.xcodeproj/CommandShell_Info.plist";
            LD_RUNPATH_SEARCH_PATHS = (
               "$(inherited)",
               "$(TOOLCHAIN_DIR)/usr/lib/swift/macosx"
            );
            OTHER_CFLAGS = (
               "$(inherited)"
            );
            OTHER_LDFLAGS = (
               "$(inherited)"
            );
            OTHER_SWIFT_FLAGS = (
               "$(inherited)"
            );
            PRODUCT_BUNDLE_IDENTIFIER = "CommandShell";
            PRODUCT_MODULE_NAME = "$(TARGET_NAME:c99extidentifier)";
            PRODUCT_NAME = "$(TARGET_NAME:c99extidentifier)";
            SKIP_INSTALL = "YES";
            SWIFT_ACTIVE_COMPILATION_CONDITIONS = (
               "$(inherited)"
            );
            SWIFT_VERSION = "4.2";
            TARGET_NAME = "CommandShell";
         };
         name = "Release";
      };
      "OBJ_96" = {
         isa = "PBXSourcesBuildPhase";
         files = (
            "OBJ_97",
            "OBJ_98",
            "OBJ_99",
            "OBJ_100"
         );
      };
      "OBJ_97" = {
         isa = "PBXBuildFile";
         fileRef = "OBJ_18";
      };
      "OBJ_98" = {
         isa = "PBXBuildFile";
         fileRef = "OBJ_19";
      };
      "OBJ_99" = {
         isa = "PBXBuildFile";
         fileRef = "OBJ_20";
      };
      "Runner::Runner" = {
         isa = "PBXNativeTarget";
         buildConfigurationList = "OBJ_159";
         buildPhases = (
            "OBJ_162",
            "OBJ_164"
         );
         dependencies = (
         );
         name = "Runner";
         productName = "Runner";
         productReference = "Runner::Runner::Product";
         productType = "com.apple.product-type.framework";
      };
      "Runner::Runner::Product" = {
         isa = "PBXFileReference";
         path = "Runner.framework";
         sourceTree = "BUILT_PRODUCTS_DIR";
      };
      "Runner::SwiftPMPackageDescription" = {
         isa = "PBXNativeTarget";
         buildConfigurationList = "OBJ_166";
         buildPhases = (
            "OBJ_169"
         );
         dependencies = (
         );
         name = "RunnerPackageDescription";
         productName = "RunnerPackageDescription";
         productType = "com.apple.product-type.framework";
      };
      "SketchX::SketchX" = {
         isa = "PBXNativeTarget";
         buildConfigurationList = "OBJ_172";
         buildPhases = (
            "OBJ_175",
            "OBJ_178"
         );
         dependencies = (
            "OBJ_184",
            "OBJ_185",
            "OBJ_186",
            "OBJ_187",
            "OBJ_188"
         );
         name = "SketchX";
         productName = "SketchX";
         productReference = "SketchX::SketchX::Product";
         productType = "com.apple.product-type.tool";
      };
      "SketchX::SketchX::Product" = {
         isa = "PBXFileReference";
         path = "SketchX";
         sourceTree = "BUILT_PRODUCTS_DIR";
      };
      "SketchX::SketchXPackageTests::ProductTarget" = {
         isa = "PBXAggregateTarget";
         buildConfigurationList = "OBJ_196";
         buildPhases = (
         );
         dependencies = (
            "OBJ_199"
         );
         name = "SketchXPackageTests";
         productName = "SketchXPackageTests";
      };
      "SketchX::SketchXTests" = {
         isa = "PBXNativeTarget";
         buildConfigurationList = "OBJ_201";
         buildPhases = (
            "OBJ_204",
            "OBJ_207"
         );
         dependencies = (
            "OBJ_213",
            "OBJ_214",
            "OBJ_215",
            "OBJ_216",
            "OBJ_217",
            "OBJ_218"
         );
         name = "SketchXTests";
         productName = "SketchXTests";
         productReference = "SketchX::SketchXTests::Product";
         productType = "com.apple.product-type.bundle.unit-test";
      };
      "SketchX::SketchXTests::Product" = {
         isa = "PBXFileReference";
         path = "SketchXTests.xctest";
         sourceTree = "BUILT_PRODUCTS_DIR";
      };
      "SketchX::SwiftPMPackageDescription" = {
         isa = "PBXNativeTarget";
         buildConfigurationList = "OBJ_190";
         buildPhases = (
            "OBJ_193"
         );
         dependencies = (
         );
         name = "SketchXPackageDescription";
         productName = "SketchXPackageDescription";
         productType = "com.apple.product-type.framework";
      };
      "SketchX::sketchx::ProductTarget" = {
         isa = "PBXAggregateTarget";
         buildConfigurationList = "OBJ_220";
         buildPhases = (
         );
         dependencies = (
            "OBJ_223"
         );
         name = "sketchx";
         productName = "sketchx";
      };
   };
   rootObject = "OBJ_1";
}
